
Microsoft Visual Studio Solution File, Format Version 12.00
# Visual Studio Version 17
VisualStudioVersion = 17.6.33829.357
MinimumVisualStudioVersion = 10.0.40219.1
Project("{FAE04EC0-301F-11D3-BF4B-00C04F79EFBC}") = "ASPNETCoreWebAPICRUDUsingEF", "ASPNETCoreWebAPICRUDUsingEF\ASPNETCoreWebAPICRUDUsingEF.csproj", "{99396101-8255-46E9-A8D1-BEDA2E6C1EEF}"
EndProject
Global
	GlobalSection(SolutionConfigurationPlatforms) = preSolution
		Debug|Any CPU = Debug|Any CPU
		Release|Any CPU = Release|Any CPU
	EndGlobalSection
	GlobalSection(ProjectConfigurationPlatforms) = postSolution
		{99396101-8255-46E9-A8D1-BEDA2E6C1EEF}.Debug|Any CPU.ActiveCfg = Debug|Any CPU
		{99396101-8255-46E9-A8D1-BEDA2E6C1EEF}.Debug|Any CPU.Build.0 = Debug|Any CPU
		{99396101-8255-46E9-A8D1-BEDA2E6C1EEF}.Release|Any CPU.ActiveCfg = Release|Any CPU
		{99396101-8255-46E9-A8D1-BEDA2E6C1EEF}.Release|Any CPU.Build.0 = Release|Any CPU
	EndGlobalSection
	GlobalSection(SolutionProperties) = preSolution
		HideSolutionNode = FALSE
	EndGlobalSection
	GlobalSection(ExtensibilityGlobals) = postSolution
		SolutionGuid = {2A03E324-73DB-45A1-9704-ACC047BC1509}
	EndGlobalSection
EndGlobal
